# This file is automatically @generated by Cargo.
# It is not intended for manual editing.
version = 3

[[package]]
name = "advent-of-code"
version = "0.1.0"
dependencies = [
 "indoc",
 "intset",
]

[[package]]
name = "indoc"
version = "2.0.5"
source = "registry+https://github.com/rust-lang/crates.io-index"
checksum = "b248f5224d1d606005e02c97f5aa4e88eeb230488bcc03bc9ca4d7991399f2b5"

[[package]]
name = "intset"
version = "1.0.2"
source = "registry+https://github.com/rust-lang/crates.io-index"
checksum = "6c0c5728a5d09022d01c6f8a716796123933297460344501b25d2e1bfd8e1db2"
